{
  "nodes": {
    "crane": {
      "locked": {
        "lastModified": 1728776144,
        "narHash": "sha256-fROVjMcKRoGHofDm8dY3uDUtCMwUICh/KjBFQnuBzfg=",
        "owner": "ipetkov",
        "repo": "crane",
        "rev": "f876e3d905b922502f031aeec1a84490122254b7",
        "type": "github"
      },
      "original": {
        "owner": "ipetkov",
        "ref": "v0.19.1",
        "repo": "crane",
        "type": "github"
      }
    },
    "docker-spider": {
      "inputs": {
        "crane": [
          "nixlib",
          "crane"
        ],
        "fenix": "fenix",
        "flake-utils": [
          "nixlib",
          "flake-utils"
        ],
        "nixpkgs": [
          "nixlib",
          "nixpkgs-do-not-override"
        ]
      },
      "locked": {
        "lastModified": 1722588770,
        "narHash": "sha256-gGAhyqXTUkl//zrsSTPpCo2S3kXpWu0UQ4Hd9amq8D8=",
        "ref": "refs/heads/master",
        "rev": "f2881076732c98d2808a869c5782f373708ea8c4",
        "revCount": 8,
        "type": "git",
        "url": "ssh://git@gitlab.ii.zone/bos/docker-spider"
      },
      "original": {
        "type": "git",
        "url": "ssh://git@gitlab.ii.zone/bos/docker-spider"
      }
    },
    "fenix": {
      "inputs": {
        "nixpkgs": [
          "nixlib",
          "docker-spider",
          "nixpkgs"
        ],
        "rust-analyzer-src": "rust-analyzer-src"
      },
      "locked": {
        "lastModified": 1722580276,
        "narHash": "sha256-VaNcSh7n8OaFW/DJsR6Fm23V+EGpSei0DyF71RKB+90=",
        "owner": "nix-community",
        "repo": "fenix",
        "rev": "286f371b3cfeaa5c856c8e6dfb893018e86cc947",
        "type": "github"
      },
      "original": {
        "owner": "nix-community",
        "repo": "fenix",
        "type": "github"
      }
    },
    "flake-utils": {
      "inputs": {
        "systems": "systems"
      },
      "locked": {
        "lastModified": 1731533236,
        "narHash": "sha256-l0KFg5HjrsfsO/JpG+r7fRrqm12kzFHyUHqHCVpMMbI=",
        "owner": "numtide",
        "repo": "flake-utils",
        "rev": "11707dc2f618dd54ca8739b309ec4fc024de578b",
        "type": "github"
      },
      "original": {
        "owner": "numtide",
        "repo": "flake-utils",
        "type": "github"
      }
    },
    "flake-utils_2": {
      "inputs": {
        "systems": "systems_2"
      },
      "locked": {
        "lastModified": 1731533236,
        "narHash": "sha256-l0KFg5HjrsfsO/JpG+r7fRrqm12kzFHyUHqHCVpMMbI=",
        "owner": "numtide",
        "repo": "flake-utils",
        "rev": "11707dc2f618dd54ca8739b309ec4fc024de578b",
        "type": "github"
      },
      "original": {
        "owner": "numtide",
        "repo": "flake-utils",
        "type": "github"
      }
    },
    "nix-filter": {
      "locked": {
        "lastModified": 1731533336,
        "narHash": "sha256-oRam5PS1vcrr5UPgALW0eo1m/5/pls27Z/pabHNy2Ms=",
        "owner": "numtide",
        "repo": "nix-filter",
        "rev": "f7653272fd234696ae94229839a99b73c9ab7de0",
        "type": "github"
      },
      "original": {
        "owner": "numtide",
        "repo": "nix-filter",
        "type": "github"
      }
    },
    "nixlib": {
      "inputs": {
        "crane": "crane",
        "docker-spider": "docker-spider",
        "flake-utils": "flake-utils_2",
        "nix-filter": "nix-filter",
        "nixpkgs-do-not-override": "nixpkgs-do-not-override",
        "treefmt-nix": "treefmt-nix"
      },
      "locked": {
        "lastModified": 1740751694,
        "narHash": "sha256-lAlECeg4W3G1TUhctPxp6YLBV6IgLsp6uYHqrF8JsOg=",
        "ref": "refs/heads/master",
        "rev": "c01e6705a475d8a4b12566a3da615e8b142b6ea1",
        "revCount": 80,
        "type": "git",
        "url": "ssh://git@gitlab.ii.zone/bos/nixlib"
      },
      "original": {
        "type": "git",
        "url": "ssh://git@gitlab.ii.zone/bos/nixlib"
      }
    },
    "nixpkgs": {
      "locked": {
        "lastModified": 1742456341,
        "narHash": "sha256-yvdnTnROddjHxoQqrakUQWDZSzVchczfsuuMOxg476c=",
        "owner": "NixOS",
        "repo": "nixpkgs",
        "rev": "7344a3b78128f7b1765dba89060b015fb75431a7",
        "type": "github"
      },
      "original": {
        "owner": "NixOS",
        "ref": "nixpkgs-unstable",
        "repo": "nixpkgs",
        "type": "github"
      }
    },
    "nixpkgs-do-not-override": {
      "locked": {
        "lastModified": 1731069548,
        "narHash": "sha256-Pwvvn8ECxlOIEG488f6tYKC8NA16NUJVCK3T64aTFp8=",
        "owner": "NixOS",
        "repo": "nixpkgs",
        "rev": "14353fcbd673ef1045ad9517a061d69c30938263",
        "type": "github"
      },
      "original": {
        "owner": "NixOS",
        "ref": "nixpkgs-unstable",
        "repo": "nixpkgs",
        "type": "github"
      }
    },
    "root": {
      "inputs": {
        "flake-utils": "flake-utils",
        "nixlib": "nixlib",
        "nixpkgs": "nixpkgs"
      }
    },
    "rust-analyzer-src": {
      "flake": false,
      "locked": {
        "lastModified": 1722521768,
        "narHash": "sha256-FvJ4FaMy1kJbZ3Iw1RyvuiUAsbHJXoU2HwylzaFzj1o=",
        "owner": "rust-lang",
        "repo": "rust-analyzer",
        "rev": "f149dc5029d8406fae8b2c541603bcac06e30deb",
        "type": "github"
      },
      "original": {
        "owner": "rust-lang",
        "ref": "nightly",
        "repo": "rust-analyzer",
        "type": "github"
      }
    },
    "systems": {
      "locked": {
        "lastModified": 1681028828,
        "narHash": "sha256-Vy1rq5AaRuLzOxct8nz4T6wlgyUR7zLU309k9mBC768=",
        "owner": "nix-systems",
        "repo": "default",
        "rev": "da67096a3b9bf56a91d16901293e51ba5b49a27e",
        "type": "github"
      },
      "original": {
        "owner": "nix-systems",
        "repo": "default",
        "type": "github"
      }
    },
    "systems_2": {
      "locked": {
        "lastModified": 1681028828,
        "narHash": "sha256-Vy1rq5AaRuLzOxct8nz4T6wlgyUR7zLU309k9mBC768=",
        "owner": "nix-systems",
        "repo": "default",
        "rev": "da67096a3b9bf56a91d16901293e51ba5b49a27e",
        "type": "github"
      },
      "original": {
        "owner": "nix-systems",
        "repo": "default",
        "type": "github"
      }
    },
    "treefmt-nix": {
      "inputs": {
        "nixpkgs": [
          "nixlib",
          "nixpkgs-do-not-override"
        ]
      },
      "locked": {
        "lastModified": 1730321837,
        "narHash": "sha256-vK+a09qq19QNu2MlLcvN4qcRctJbqWkX7ahgPZ/+maI=",
        "owner": "numtide",
        "repo": "treefmt-nix",
        "rev": "746901bb8dba96d154b66492a29f5db0693dbfcc",
        "type": "github"
      },
      "original": {
        "owner": "numtide",
        "repo": "treefmt-nix",
        "type": "github"
      }
    }
  },
  "root": "root",
  "version": 7
}
